# This file was autogenerated by Stack.
# You should not edit this file by hand.
# For more information, please see the documentation at:
#   https://docs.haskellstack.org/en/stable/topics/lock_files

packages:
- completed:
    hackage: split-0.2.5@sha256:5bc1ae848bfded3087ea3e568908f1b75f56ecde6f02df3fad1a138dd5c783d5,2625
    pantry-tree:
      sha256: 5d28c851a2c98e3d8ac0f01adc58303d775afe39dce23ec953be64ae65d11166
      size: 443
  original:
    hackage: split-0.2.5
- completed:
    hackage: hspec-2.11.16@sha256:e7c8a9d8263791d26821c11263d3d6085b34f4353748883a67f96fef5e785375,1895
    pantry-tree:
      sha256: 13b9a787e0a0fe6441f19e45d45418b039c8ad4f0b3425cfeb000291c1d4de9d
      size: 585
  original:
    hackage: hspec-2.11.16
snapshots: []
